PODS:
  - ShipBookSDK (1.1.17)
  - SweeprSDK (1.8.1)
  - Toast-Swift (5.0.1)

DEPENDENCIES:
  - ShipBookSDK
  - "SweeprSDK (from `{:http=>\"https://sdk.sweepr.com/ios/sweepr-mobile-1.8.1.67.zip\"}`)"
  - Toast-Swift (~> 5.0.1)

SPEC REPOS:
  trunk:
    - ShipBookSDK
    - Toast-Swift

EXTERNAL SOURCES:
  SweeprSDK:
    :http: https://sdk.sweepr.com/ios/sweepr-mobile-1.8.1.67.zip

CHECKOUT OPTIONS:
  SweeprSDK:
    :http: https://sdk.sweepr.com/ios/sweepr-mobile-1.8.1.67.zip

SPEC CHECKSUMS:
  ShipBookSDK: bfc42a2f64eaef8ff7858d33f65b1c6cb0111b3a
  SweeprSDK: e65bf566f314ff8ffabd105f61e42a13fe0ee7f3
  Toast-Swift: 9b6a70f28b3bf0b96c40d46c0c4b9d6639846711

PODFILE CHECKSUM: 12ab30e281b97164cbcfb724ee39f939308ba92f

COCOAPODS: 1.11.2
